{
  "name": "prodex-workspace",
  "lockfileVersion": 3,
  "requires": true,
  "packages": {
    "": {
      "name": "prodex-workspace",
      "workspaces": [
        "npm/prodex",
        "npm/prodex-gateway-sdk"
      ],
      "optionalDependencies": {
        "@christiandoxa/prodex-darwin-arm64": "file:npm/platforms/darwin-arm64",
        "@christiandoxa/prodex-darwin-x64": "file:npm/platforms/darwin-x64",
        "@christiandoxa/prodex-linux-arm64": "file:npm/platforms/linux-arm64",
        "@christiandoxa/prodex-linux-x64": "file:npm/platforms/linux-x64",
        "@christiandoxa/prodex-win32-arm64": "file:npm/platforms/win32-arm64",
        "@christiandoxa/prodex-win32-x64": "file:npm/platforms/win32-x64"
      }
    },
    "node_modules/@christiandoxa/prodex": {
      "resolved": "npm/prodex",
      "link": true
    },
    "node_modules/@christiandoxa/prodex-darwin-arm64": {
      "resolved": "npm/platforms/darwin-arm64",
      "link": true
    },
    "node_modules/@christiandoxa/prodex-darwin-x64": {
      "resolved": "npm/platforms/darwin-x64",
      "link": true
    },
    "node_modules/@christiandoxa/prodex-gateway-sdk": {
      "resolved": "npm/prodex-gateway-sdk",
      "link": true
    },
    "node_modules/@christiandoxa/prodex-linux-arm64": {
      "resolved": "npm/platforms/linux-arm64",
      "link": true
    },
    "node_modules/@christiandoxa/prodex-linux-x64": {
      "resolved": "npm/platforms/linux-x64",
      "link": true
    },
    "node_modules/@christiandoxa/prodex-win32-arm64": {
      "resolved": "npm/platforms/win32-arm64",
      "link": true
    },
    "node_modules/@christiandoxa/prodex-win32-x64": {
      "resolved": "npm/platforms/win32-x64",
      "link": true
    },
    "node_modules/@openai/codex": {
      "version": "0.145.0",
      "resolved": "https://registry.npmjs.org/@openai/codex/-/codex-0.145.0.tgz",
      "integrity": "sha512-/PSPSFujjjmiyVFvG2yu/grOFhsWdokTH8t2KGWhXSo/M5n/dIDsnbsnO82/7bLtIoDuzQf7ATBUMWqPWQINlQ==",
      "license": "Apache-2.0",
      "bin": {
        "codex": "bin/codex.js"
      },
      "engines": {
        "node": ">=16"
      },
      "optionalDependencies": {
        "@openai/codex-darwin-arm64": "npm:@openai/codex@0.145.0-darwin-arm64",
        "@openai/codex-darwin-x64": "npm:@openai/codex@0.145.0-darwin-x64",
        "@openai/codex-linux-arm64": "npm:@openai/codex@0.145.0-linux-arm64",
        "@openai/codex-linux-x64": "npm:@openai/codex@0.145.0-linux-x64",
        "@openai/codex-win32-arm64": "npm:@openai/codex@0.145.0-win32-arm64",
        "@openai/codex-win32-x64": "npm:@openai/codex@0.145.0-win32-x64"
      }
    },
    "node_modules/@openai/codex-darwin-arm64": {
      "name": "@openai/codex",
      "version": "0.145.0-darwin-arm64",
      "resolved": "https://registry.npmjs.org/@openai/codex/-/codex-0.145.0-darwin-arm64.tgz",
      "integrity": "sha512-h6aQ0UxnaP8mIM/9/qPAH9MNkRliJo88toq1T36IxNM2L5JSU0TFamu+MZn7YkFgDsrp0RfiI+97Tm8AVVxqtA==",
      "cpu": [
        "arm64"
      ],
      "license": "Apache-2.0",
      "optional": true,
      "os": [
        "darwin"
      ],
      "engines": {
        "node": ">=16"
      }
    },
    "node_modules/@openai/codex-darwin-x64": {
      "name": "@openai/codex",
      "version": "0.145.0-darwin-x64",
      "resolved": "https://registry.npmjs.org/@openai/codex/-/codex-0.145.0-darwin-x64.tgz",
      "integrity": "sha512-FCYzVKCa9VoLtg9gVyzKpqylonfgZrfcWZN6HsXAZPeuo8CukdMqdgTUOhDn2V6h3MbqS0z6VqQVKUllN/yKhA==",
      "cpu": [
        "x64"
      ],
      "license": "Apache-2.0",
      "optional": true,
      "os": [
        "darwin"
      ],
      "engines": {
        "node": ">=16"
      }
    },
    "node_modules/@openai/codex-linux-arm64": {
      "name": "@openai/codex",
      "version": "0.145.0-linux-arm64",
      "resolved": "https://registry.npmjs.org/@openai/codex/-/codex-0.145.0-linux-arm64.tgz",
      "integrity": "sha512-8OLcPXaAol/FOrRoDxWhIiHIFa73KRsM41EKocjRZOwiT4TcelzJWn3dHyiuSb7teWF25rrslvSPyvhULYRRCQ==",
      "cpu": [
        "arm64"
      ],
      "license": "Apache-2.0",
      "optional": true,
      "os": [
        "linux"
      ],
      "engines": {
        "node": ">=16"
      }
    },
    "node_modules/@openai/codex-linux-x64": {
      "name": "@openai/codex",
      "version": "0.145.0-linux-x64",
      "resolved": "https://registry.npmjs.org/@openai/codex/-/codex-0.145.0-linux-x64.tgz",
      "integrity": "sha512-u8w8LLv3DvsfrDCoswLIemZ0SoNEXyi511WsfFsSiYUazk9qMsB/NtU8N9vhAfN7mZAxLFoMex4v66JjHuZWwA==",
      "cpu": [
        "x64"
      ],
      "license": "Apache-2.0",
      "optional": true,
      "os": [
        "linux"
      ],
      "engines": {
        "node": ">=16"
      }
    },
    "node_modules/@openai/codex-win32-arm64": {
      "name": "@openai/codex",
      "version": "0.145.0-win32-arm64",
      "resolved": "https://registry.npmjs.org/@openai/codex/-/codex-0.145.0-win32-arm64.tgz",
      "integrity": "sha512-sub61rjEFevi1i3Zx7nAd4JM5XxoNFqMqFc5LfTo2xSI8ixHjFvEYDFDXwXOftT04n3Ht1Wh271ioUZpDiEjEg==",
      "cpu": [
        "arm64"
      ],
      "license": "Apache-2.0",
      "optional": true,
      "os": [
        "win32"
      ],
      "engines": {
        "node": ">=16"
      }
    },
    "node_modules/@openai/codex-win32-x64": {
      "name": "@openai/codex",
      "version": "0.145.0-win32-x64",
      "resolved": "https://registry.npmjs.org/@openai/codex/-/codex-0.145.0-win32-x64.tgz",
      "integrity": "sha512-u0h9lk094CaXRSqE34SBW2dRaQTPa6fASXqehczWH9QdsU62mBsiAgAdp6tCG4i+YzPmmhjD8FdXNnYGNmwuMg==",
      "cpu": [
        "x64"
      ],
      "license": "Apache-2.0",
      "optional": true,
      "os": [
        "win32"
      ],
      "engines": {
        "node": ">=16"
      }
    },
    "npm/platforms/darwin-arm64": {
      "name": "@christiandoxa/prodex-darwin-arm64",
      "version": "0.365.0",
      "cpu": [
        "arm64"
      ],
      "license": "Apache-2.0",
      "optional": true,
      "os": [
        "darwin"
      ]
    },
    "npm/platforms/darwin-x64": {
      "name": "@christiandoxa/prodex-darwin-x64",
      "version": "0.365.0",
      "cpu": [
        "x64"
      ],
      "license": "Apache-2.0",
      "optional": true,
      "os": [
        "darwin"
      ]
    },
    "npm/platforms/linux-arm64": {
      "name": "@christiandoxa/prodex-linux-arm64",
      "version": "0.365.0",
      "cpu": [
        "arm64"
      ],
      "license": "Apache-2.0",
      "optional": true,
      "os": [
        "linux"
      ]
    },
    "npm/platforms/linux-x64": {
      "name": "@christiandoxa/prodex-linux-x64",
      "version": "0.365.0",
      "cpu": [
        "x64"
      ],
      "license": "Apache-2.0",
      "optional": true,
      "os": [
        "linux"
      ]
    },
    "npm/platforms/win32-arm64": {
      "name": "@christiandoxa/prodex-win32-arm64",
      "version": "0.365.0",
      "cpu": [
        "arm64"
      ],
      "license": "Apache-2.0",
      "optional": true,
      "os": [
        "win32"
      ]
    },
    "npm/platforms/win32-x64": {
      "name": "@christiandoxa/prodex-win32-x64",
      "version": "0.365.0",
      "cpu": [
        "x64"
      ],
      "license": "Apache-2.0",
      "optional": true,
      "os": [
        "win32"
      ]
    },
    "npm/prodex": {
      "name": "@christiandoxa/prodex",
      "version": "0.365.0",
      "license": "Apache-2.0",
      "dependencies": {
        "@openai/codex": "0.145.0"
      },
      "bin": {
        "prodex": "prodex"
      },
      "engines": {
        "node": ">=18"
      },
      "optionalDependencies": {
        "@christiandoxa/prodex-darwin-arm64": "0.365.0",
        "@christiandoxa/prodex-darwin-x64": "0.365.0",
        "@christiandoxa/prodex-linux-arm64": "0.365.0",
        "@christiandoxa/prodex-linux-x64": "0.365.0",
        "@christiandoxa/prodex-win32-arm64": "0.365.0",
        "@christiandoxa/prodex-win32-x64": "0.365.0",
        "@openai/codex-darwin-arm64": "npm:@openai/codex@0.145.0-darwin-arm64",
        "@openai/codex-darwin-x64": "npm:@openai/codex@0.145.0-darwin-x64",
        "@openai/codex-linux-arm64": "npm:@openai/codex@0.145.0-linux-arm64",
        "@openai/codex-linux-x64": "npm:@openai/codex@0.145.0-linux-x64",
        "@openai/codex-win32-arm64": "npm:@openai/codex@0.145.0-win32-arm64",
        "@openai/codex-win32-x64": "npm:@openai/codex@0.145.0-win32-x64"
      }
    },
    "npm/prodex-gateway-sdk": {
      "name": "@christiandoxa/prodex-gateway-sdk",
      "version": "0.365.0",
      "license": "Apache-2.0",
      "engines": {
        "node": ">=18"
      }
    }
  }
}
