{
  "name": "prodex-workspace",
  "lockfileVersion": 3,
  "requires": true,
  "packages": {
    "": {
      "name": "prodex-workspace",
      "workspaces": [
        "npm/prodex",
        "npm/prodex-gateway-sdk"
      ],
      "optionalDependencies": {
        "@christiandoxa/prodex-darwin-arm64": "file:npm/platforms/darwin-arm64",
        "@christiandoxa/prodex-darwin-x64": "file:npm/platforms/darwin-x64",
        "@christiandoxa/prodex-linux-arm64": "file:npm/platforms/linux-arm64",
        "@christiandoxa/prodex-linux-x64": "file:npm/platforms/linux-x64",
        "@christiandoxa/prodex-win32-arm64": "file:npm/platforms/win32-arm64",
        "@christiandoxa/prodex-win32-x64": "file:npm/platforms/win32-x64"
      }
    },
    "node_modules/@christiandoxa/prodex": {
      "resolved": "npm/prodex",
      "link": true
    },
    "node_modules/@christiandoxa/prodex-darwin-arm64": {
      "resolved": "npm/platforms/darwin-arm64",
      "link": true
    },
    "node_modules/@christiandoxa/prodex-darwin-x64": {
      "resolved": "npm/platforms/darwin-x64",
      "link": true
    },
    "node_modules/@christiandoxa/prodex-gateway-sdk": {
      "resolved": "npm/prodex-gateway-sdk",
      "link": true
    },
    "node_modules/@christiandoxa/prodex-linux-arm64": {
      "resolved": "npm/platforms/linux-arm64",
      "link": true
    },
    "node_modules/@christiandoxa/prodex-linux-x64": {
      "resolved": "npm/platforms/linux-x64",
      "link": true
    },
    "node_modules/@christiandoxa/prodex-win32-arm64": {
      "resolved": "npm/platforms/win32-arm64",
      "link": true
    },
    "node_modules/@christiandoxa/prodex-win32-x64": {
      "resolved": "npm/platforms/win32-x64",
      "link": true
    },
    "node_modules/@openai/codex": {
      "version": "0.149.1",
      "resolved": "https://registry.npmjs.org/@openai/codex/-/codex-0.149.1.tgz",
      "integrity": "sha512-6q5pbcpFbJbqOpkubSDBwXmktQ55aD8eUzGzBF1zASob2DjwhBKDSNGtdZKalfrNJUdTDTPDMmzCXEXs5tMBYA==",
      "license": "Apache-2.0",
      "bin": {
        "codex": "bin/codex.js"
      },
      "engines": {
        "node": ">=16"
      },
      "optionalDependencies": {
        "@openai/codex-darwin-arm64": "npm:@openai/codex@0.149.1-darwin-arm64",
        "@openai/codex-darwin-x64": "npm:@openai/codex@0.149.1-darwin-x64",
        "@openai/codex-linux-arm64": "npm:@openai/codex@0.149.1-linux-arm64",
        "@openai/codex-linux-x64": "npm:@openai/codex@0.149.1-linux-x64",
        "@openai/codex-win32-arm64": "npm:@openai/codex@0.149.1-win32-arm64",
        "@openai/codex-win32-x64": "npm:@openai/codex@0.149.1-win32-x64"
      }
    },
    "node_modules/@openai/codex-darwin-arm64": {
      "name": "@openai/codex",
      "version": "0.149.1-darwin-arm64",
      "resolved": "https://registry.npmjs.org/@openai/codex/-/codex-0.149.1-darwin-arm64.tgz",
      "integrity": "sha512-6X84kTCbnTgPIJ2EdcPsrvwS0Wxsqpa+bCswGmRf4BjhcQ5nPMnBC6yCAaCMj+vrbXQHj+L6sa9FaR4QkmA1qw==",
      "cpu": [
        "arm64"
      ],
      "license": "Apache-2.0",
      "optional": true,
      "os": [
        "darwin"
      ],
      "engines": {
        "node": ">=16"
      }
    },
    "node_modules/@openai/codex-darwin-x64": {
      "name": "@openai/codex",
      "version": "0.149.1-darwin-x64",
      "resolved": "https://registry.npmjs.org/@openai/codex/-/codex-0.149.1-darwin-x64.tgz",
      "integrity": "sha512-MfLBQLfcElJL9tvj6y45qVHHMGSXCPnQOixuD3/Zq0g1BW/eFizkrGLdn48cFpc+l8cK+gt5nYG5pQYwVs6g4A==",
      "cpu": [
        "x64"
      ],
      "license": "Apache-2.0",
      "optional": true,
      "os": [
        "darwin"
      ],
      "engines": {
        "node": ">=16"
      }
    },
    "node_modules/@openai/codex-linux-arm64": {
      "name": "@openai/codex",
      "version": "0.149.1-linux-arm64",
      "resolved": "https://registry.npmjs.org/@openai/codex/-/codex-0.149.1-linux-arm64.tgz",
      "integrity": "sha512-OqxUfZ1TVvHd18zHPKK/8ZRlpk8Vy11mg5CMHaLxNWldTbwVImDKtSLWT+m8m4NM5Sz4PbjtZMrVT/RfpBW/mQ==",
      "cpu": [
        "arm64"
      ],
      "license": "Apache-2.0",
      "optional": true,
      "os": [
        "linux"
      ],
      "engines": {
        "node": ">=16"
      }
    },
    "node_modules/@openai/codex-linux-x64": {
      "name": "@openai/codex",
      "version": "0.149.1-linux-x64",
      "resolved": "https://registry.npmjs.org/@openai/codex/-/codex-0.149.1-linux-x64.tgz",
      "integrity": "sha512-Of5fGYgr7tAMsyj6vhXb4/RM/UoA3Zq8BLegUBDC09UNy1XTLGYP/2XD+UX8z3qh0NDwxYdCjFIWdDNijKZggQ==",
      "cpu": [
        "x64"
      ],
      "license": "Apache-2.0",
      "optional": true,
      "os": [
        "linux"
      ],
      "engines": {
        "node": ">=16"
      }
    },
    "node_modules/@openai/codex-win32-arm64": {
      "name": "@openai/codex",
      "version": "0.149.1-win32-arm64",
      "resolved": "https://registry.npmjs.org/@openai/codex/-/codex-0.149.1-win32-arm64.tgz",
      "integrity": "sha512-5K0DmOKGK9Bos627p8sK8ATHjovPK0sDyT6h9Cb+4v+5CW5SGw1HLgjGxoLfJ8g3cg6mtg/pRCXXo2L/j71UVA==",
      "cpu": [
        "arm64"
      ],
      "license": "Apache-2.0",
      "optional": true,
      "os": [
        "win32"
      ],
      "engines": {
        "node": ">=16"
      }
    },
    "node_modules/@openai/codex-win32-x64": {
      "name": "@openai/codex",
      "version": "0.149.1-win32-x64",
      "resolved": "https://registry.npmjs.org/@openai/codex/-/codex-0.149.1-win32-x64.tgz",
      "integrity": "sha512-G3QXGAg7nyyhqOeooAMUekBCeHd8a1QByhKcVAFyzNBaI06t6Ft7nsF+1SzFS0spuIdU4YyMi5YD26ukADBQUQ==",
      "cpu": [
        "x64"
      ],
      "license": "Apache-2.0",
      "optional": true,
      "os": [
        "win32"
      ],
      "engines": {
        "node": ">=16"
      }
    },
    "npm/platforms/darwin-arm64": {
      "name": "@christiandoxa/prodex-darwin-arm64",
      "version": "0.416.2",
      "cpu": [
        "arm64"
      ],
      "license": "Apache-2.0",
      "optional": true,
      "os": [
        "darwin"
      ]
    },
    "npm/platforms/darwin-x64": {
      "name": "@christiandoxa/prodex-darwin-x64",
      "version": "0.416.2",
      "cpu": [
        "x64"
      ],
      "license": "Apache-2.0",
      "optional": true,
      "os": [
        "darwin"
      ]
    },
    "npm/platforms/linux-arm64": {
      "name": "@christiandoxa/prodex-linux-arm64",
      "version": "0.416.2",
      "cpu": [
        "arm64"
      ],
      "license": "Apache-2.0",
      "optional": true,
      "os": [
        "linux"
      ]
    },
    "npm/platforms/linux-x64": {
      "name": "@christiandoxa/prodex-linux-x64",
      "version": "0.416.2",
      "cpu": [
        "x64"
      ],
      "license": "Apache-2.0",
      "optional": true,
      "os": [
        "linux"
      ]
    },
    "npm/platforms/win32-arm64": {
      "name": "@christiandoxa/prodex-win32-arm64",
      "version": "0.416.2",
      "cpu": [
        "arm64"
      ],
      "license": "Apache-2.0",
      "optional": true,
      "os": [
        "win32"
      ]
    },
    "npm/platforms/win32-x64": {
      "name": "@christiandoxa/prodex-win32-x64",
      "version": "0.416.2",
      "cpu": [
        "x64"
      ],
      "license": "Apache-2.0",
      "optional": true,
      "os": [
        "win32"
      ]
    },
    "npm/prodex": {
      "name": "@christiandoxa/prodex",
      "version": "0.416.2",
      "license": "Apache-2.0",
      "dependencies": {
        "@openai/codex": "0.149.1"
      },
      "bin": {
        "prodex": "prodex"
      },
      "engines": {
        "node": ">=18"
      },
      "optionalDependencies": {
        "@christiandoxa/prodex-darwin-arm64": "0.416.2",
        "@christiandoxa/prodex-darwin-x64": "0.416.2",
        "@christiandoxa/prodex-linux-arm64": "0.416.2",
        "@christiandoxa/prodex-linux-x64": "0.416.2",
        "@christiandoxa/prodex-win32-arm64": "0.416.2",
        "@christiandoxa/prodex-win32-x64": "0.416.2",
        "@openai/codex-darwin-arm64": "npm:@openai/codex@0.149.1-darwin-arm64",
        "@openai/codex-darwin-x64": "npm:@openai/codex@0.149.1-darwin-x64",
        "@openai/codex-linux-arm64": "npm:@openai/codex@0.149.1-linux-arm64",
        "@openai/codex-linux-x64": "npm:@openai/codex@0.149.1-linux-x64",
        "@openai/codex-win32-arm64": "npm:@openai/codex@0.149.1-win32-arm64",
        "@openai/codex-win32-x64": "npm:@openai/codex@0.149.1-win32-x64"
      }
    },
    "npm/prodex-gateway-sdk": {
      "name": "@christiandoxa/prodex-gateway-sdk",
      "version": "0.416.2",
      "license": "Apache-2.0",
      "engines": {
        "node": ">=18"
      }
    }
  }
}
