{
  "name": "prodex-workspace",
  "lockfileVersion": 3,
  "requires": true,
  "packages": {
    "": {
      "name": "prodex-workspace",
      "workspaces": [
        "npm/prodex",
        "npm/prodex-gateway-sdk"
      ],
      "optionalDependencies": {
        "@christiandoxa/prodex-darwin-arm64": "file:npm/platforms/darwin-arm64",
        "@christiandoxa/prodex-darwin-x64": "file:npm/platforms/darwin-x64",
        "@christiandoxa/prodex-linux-arm64": "file:npm/platforms/linux-arm64",
        "@christiandoxa/prodex-linux-x64": "file:npm/platforms/linux-x64",
        "@christiandoxa/prodex-win32-arm64": "file:npm/platforms/win32-arm64",
        "@christiandoxa/prodex-win32-x64": "file:npm/platforms/win32-x64"
      }
    },
    "node_modules/@christiandoxa/prodex": {
      "resolved": "npm/prodex",
      "link": true
    },
    "node_modules/@christiandoxa/prodex-darwin-arm64": {
      "resolved": "npm/platforms/darwin-arm64",
      "link": true
    },
    "node_modules/@christiandoxa/prodex-darwin-x64": {
      "resolved": "npm/platforms/darwin-x64",
      "link": true
    },
    "node_modules/@christiandoxa/prodex-gateway-sdk": {
      "resolved": "npm/prodex-gateway-sdk",
      "link": true
    },
    "node_modules/@christiandoxa/prodex-linux-arm64": {
      "resolved": "npm/platforms/linux-arm64",
      "link": true
    },
    "node_modules/@christiandoxa/prodex-linux-x64": {
      "resolved": "npm/platforms/linux-x64",
      "link": true
    },
    "node_modules/@christiandoxa/prodex-win32-arm64": {
      "resolved": "npm/platforms/win32-arm64",
      "link": true
    },
    "node_modules/@christiandoxa/prodex-win32-x64": {
      "resolved": "npm/platforms/win32-x64",
      "link": true
    },
    "node_modules/@openai/codex": {
      "version": "0.153.2",
      "resolved": "https://registry.npmjs.org/@openai/codex/-/codex-0.153.2.tgz",
      "integrity": "sha512-IRocJlE+jCZGYHwIJWBja2nDswTSZY4sNddQgU5xiR/mVWxo5WcO8pqcajXJea1XDoNK9CaVzizVhUxDhFkU6g==",
      "license": "Apache-2.0",
      "bin": {
        "codex": "bin/codex.js"
      },
      "engines": {
        "node": ">=16"
      },
      "optionalDependencies": {
        "@openai/codex-darwin-arm64": "npm:@openai/codex@0.153.2-darwin-arm64",
        "@openai/codex-darwin-x64": "npm:@openai/codex@0.153.2-darwin-x64",
        "@openai/codex-linux-arm64": "npm:@openai/codex@0.153.2-linux-arm64",
        "@openai/codex-linux-x64": "npm:@openai/codex@0.153.2-linux-x64",
        "@openai/codex-win32-arm64": "npm:@openai/codex@0.153.2-win32-arm64",
        "@openai/codex-win32-x64": "npm:@openai/codex@0.153.2-win32-x64"
      }
    },
    "node_modules/@openai/codex-darwin-arm64": {
      "name": "@openai/codex",
      "version": "0.153.2-darwin-arm64",
      "resolved": "https://registry.npmjs.org/@openai/codex/-/codex-0.153.2-darwin-arm64.tgz",
      "integrity": "sha512-8cEJWOIW5WnSn2+W1RUjc1sm2sN1H6NP+cCrOe73ImamUy2yOk3QKjZM2SfkA9jf3fqgwlBNUslhGMen2omc5g==",
      "cpu": [
        "arm64"
      ],
      "license": "Apache-2.0",
      "optional": true,
      "os": [
        "darwin"
      ],
      "engines": {
        "node": ">=16"
      }
    },
    "node_modules/@openai/codex-darwin-x64": {
      "name": "@openai/codex",
      "version": "0.153.2-darwin-x64",
      "resolved": "https://registry.npmjs.org/@openai/codex/-/codex-0.153.2-darwin-x64.tgz",
      "integrity": "sha512-hY68UBhIUE3xIn40SdoujokNiCBeHn9Jp9bEtcIrYeYd2IUtu1oCFwxFnkGhw6+UjHn7piiMxohAomddRA4MCg==",
      "cpu": [
        "x64"
      ],
      "license": "Apache-2.0",
      "optional": true,
      "os": [
        "darwin"
      ],
      "engines": {
        "node": ">=16"
      }
    },
    "node_modules/@openai/codex-linux-arm64": {
      "name": "@openai/codex",
      "version": "0.153.2-linux-arm64",
      "resolved": "https://registry.npmjs.org/@openai/codex/-/codex-0.153.2-linux-arm64.tgz",
      "integrity": "sha512-QDkOdJzIdMGaOCViY2dqGqr8WhQv81WfmJkAghC3doFedsOfHt87RuAO4yFN7m0FSR3y5UsScSDUT4zOCcmEVA==",
      "cpu": [
        "arm64"
      ],
      "license": "Apache-2.0",
      "optional": true,
      "os": [
        "linux"
      ],
      "engines": {
        "node": ">=16"
      }
    },
    "node_modules/@openai/codex-linux-x64": {
      "name": "@openai/codex",
      "version": "0.153.2-linux-x64",
      "resolved": "https://registry.npmjs.org/@openai/codex/-/codex-0.153.2-linux-x64.tgz",
      "integrity": "sha512-CPUPhFmykKRdIcgwiOfKvFKHBP62dPfaiP+pzQ2bVNAfLTW+i0Kasd7hQryoxZUmTPvw0h9HyM2NgsnQ9AJlTw==",
      "cpu": [
        "x64"
      ],
      "license": "Apache-2.0",
      "optional": true,
      "os": [
        "linux"
      ],
      "engines": {
        "node": ">=16"
      }
    },
    "node_modules/@openai/codex-win32-arm64": {
      "name": "@openai/codex",
      "version": "0.153.2-win32-arm64",
      "resolved": "https://registry.npmjs.org/@openai/codex/-/codex-0.153.2-win32-arm64.tgz",
      "integrity": "sha512-+49dim0F4FoxKLBDBLzMQL4C1m9FG2kx6twg98jo2USesKfmj8XG3HSCe2tW2zOfRArSgHCDyNDHFdts3AfaBg==",
      "cpu": [
        "arm64"
      ],
      "license": "Apache-2.0",
      "optional": true,
      "os": [
        "win32"
      ],
      "engines": {
        "node": ">=16"
      }
    },
    "node_modules/@openai/codex-win32-x64": {
      "name": "@openai/codex",
      "version": "0.153.2-win32-x64",
      "resolved": "https://registry.npmjs.org/@openai/codex/-/codex-0.153.2-win32-x64.tgz",
      "integrity": "sha512-x1PnFo9Uy81NEIlPx3qxkP3PQgkfmJOY/2LqKCKlvxArWIL+PrEV9xKcmKeo9Yw23PPU2TDH3AyqcdeblqtNNg==",
      "cpu": [
        "x64"
      ],
      "license": "Apache-2.0",
      "optional": true,
      "os": [
        "win32"
      ],
      "engines": {
        "node": ">=16"
      }
    },
    "npm/platforms/darwin-arm64": {
      "name": "@christiandoxa/prodex-darwin-arm64",
      "version": "0.426.0",
      "cpu": [
        "arm64"
      ],
      "license": "Apache-2.0",
      "optional": true,
      "os": [
        "darwin"
      ]
    },
    "npm/platforms/darwin-x64": {
      "name": "@christiandoxa/prodex-darwin-x64",
      "version": "0.426.0",
      "cpu": [
        "x64"
      ],
      "license": "Apache-2.0",
      "optional": true,
      "os": [
        "darwin"
      ]
    },
    "npm/platforms/linux-arm64": {
      "name": "@christiandoxa/prodex-linux-arm64",
      "version": "0.426.0",
      "cpu": [
        "arm64"
      ],
      "license": "Apache-2.0",
      "optional": true,
      "os": [
        "linux"
      ]
    },
    "npm/platforms/linux-x64": {
      "name": "@christiandoxa/prodex-linux-x64",
      "version": "0.426.0",
      "cpu": [
        "x64"
      ],
      "license": "Apache-2.0",
      "optional": true,
      "os": [
        "linux"
      ]
    },
    "npm/platforms/win32-arm64": {
      "name": "@christiandoxa/prodex-win32-arm64",
      "version": "0.426.0",
      "cpu": [
        "arm64"
      ],
      "license": "Apache-2.0",
      "optional": true,
      "os": [
        "win32"
      ]
    },
    "npm/platforms/win32-x64": {
      "name": "@christiandoxa/prodex-win32-x64",
      "version": "0.426.0",
      "cpu": [
        "x64"
      ],
      "license": "Apache-2.0",
      "optional": true,
      "os": [
        "win32"
      ]
    },
    "npm/prodex": {
      "name": "@christiandoxa/prodex",
      "version": "0.426.0",
      "license": "Apache-2.0",
      "dependencies": {
        "@openai/codex": "0.153.4"
      },
      "bin": {
        "prodex": "prodex"
      },
      "engines": {
        "node": ">=18"
      },
      "optionalDependencies": {
        "@christiandoxa/prodex-darwin-arm64": "0.426.0",
        "@christiandoxa/prodex-darwin-x64": "0.426.0",
        "@christiandoxa/prodex-linux-arm64": "0.426.0",
        "@christiandoxa/prodex-linux-x64": "0.426.0",
        "@christiandoxa/prodex-win32-arm64": "0.426.0",
        "@christiandoxa/prodex-win32-x64": "0.426.0",
        "@openai/codex-darwin-arm64": "npm:@openai/codex@0.153.4-darwin-arm64",
        "@openai/codex-darwin-x64": "npm:@openai/codex@0.153.4-darwin-x64",
        "@openai/codex-linux-arm64": "npm:@openai/codex@0.153.4-linux-arm64",
        "@openai/codex-linux-x64": "npm:@openai/codex@0.153.4-linux-x64",
        "@openai/codex-win32-arm64": "npm:@openai/codex@0.153.4-win32-arm64",
        "@openai/codex-win32-x64": "npm:@openai/codex@0.153.4-win32-x64"
      }
    },
    "npm/prodex-gateway-sdk": {
      "name": "@christiandoxa/prodex-gateway-sdk",
      "version": "0.426.0",
      "license": "Apache-2.0",
      "engines": {
        "node": ">=18"
      }
    }
  }
}
